
Microsoft Visual Studio Solution File, Format Version 12.00
# Visual Studio Version 17
VisualStudioVersion = 17.11.35219.272
MinimumVisualStudioVersion = 10.0.40219.1
Project("{FAE04EC0-301F-11D3-BF4B-00C04F79EFBC}") = "Calculadora", "Calculadora\Calculadora.csproj", "{A2BABDE0-170E-4E4A-9B9C-01FF119D6A16}"
EndProject
Global
	GlobalSection(SolutionConfigurationPlatforms) = preSolution
		Debug|Any CPU = Debug|Any CPU
		Release|Any CPU = Release|Any CPU
	EndGlobalSection
	GlobalSection(ProjectConfigurationPlatforms) = postSolution
		{A2BABDE0-170E-4E4A-9B9C-01FF119D6A16}.Debug|Any CPU.ActiveCfg = Debug|Any CPU
		{A2BABDE0-170E-4E4A-9B9C-01FF119D6A16}.Debug|Any CPU.Build.0 = Debug|Any CPU
		{A2BABDE0-170E-4E4A-9B9C-01FF119D6A16}.Release|Any CPU.ActiveCfg = Release|Any CPU
		{A2BABDE0-170E-4E4A-9B9C-01FF119D6A16}.Release|Any CPU.Build.0 = Release|Any CPU
	EndGlobalSection
	GlobalSection(SolutionProperties) = preSolution
		HideSolutionNode = FALSE
	EndGlobalSection
	GlobalSection(ExtensibilityGlobals) = postSolution
		SolutionGuid = {399A7D84-22A3-46A7-87E0-864693760D34}
	EndGlobalSection
EndGlobal
